
Microsoft Visual Studio Solution File, Format Version 12.00
# Visual Studio 15
VisualStudioVersion = 15.0.27004.2006
MinimumVisualStudioVersion = 10.0.40219.1
Project("{FAE04EC0-301F-11D3-BF4B-00C04F79EFBC}") = "ClienteAPIXamarin.Android", "ClienteAPIXamarin\ClienteAPIXamarin.Android\ClienteAPIXamarin.Android.csproj", "{206DDE13-D128-4874-951A-D8CFCE1059DB}"
EndProject
Project("{FAE04EC0-301F-11D3-BF4B-00C04F79EFBC}") = "ClienteAPIXamarin", "ClienteAPIXamarin\ClienteAPIXamarin\ClienteAPIXamarin.csproj", "{AEFF1BFE-7F5D-4FF3-A91C-D33ABF689022}"
EndProject
Project("{FAE04EC0-301F-11D3-BF4B-00C04F79EFBC}") = "ClienteAPIXamarin.iOS", "ClienteAPIXamarin\ClienteAPIXamarin.iOS\ClienteAPIXamarin.iOS.csproj", "{B004CA2D-B529-4915-8B9C-8519F5723CAF}"
EndProject
Global
	GlobalSection(SolutionConfigurationPlatforms) = preSolution
		Ad-Hoc|Any CPU = Ad-Hoc|Any CPU
		Ad-Hoc|iPhone = Ad-Hoc|iPhone
		Ad-Hoc|iPhoneSimulator = Ad-Hoc|iPhoneSimulator
		AppStore|Any CPU = AppStore|Any CPU
		AppStore|iPhone = AppStore|iPhone
		AppStore|iPhoneSimulator = AppStore|iPhoneSimulator
		Debug|Any CPU = Debug|Any CPU
		Debug|iPhone = Debug|iPhone
		Debug|iPhoneSimulator = Debug|iPhoneSimulator
		Release|Any CPU = Release|Any CPU
		Release|iPhone = Release|iPhone
		Release|iPhoneSimulator = Release|iPhoneSimulator
	EndGlobalSection
	GlobalSection(ProjectConfigurationPlatforms) = postSolution
		{206DDE13-D128-4874-951A-D8CFCE1059DB}.Ad-Hoc|Any CPU.ActiveCfg = Release|Any CPU
		{206DDE13-D128-4874-951A-D8CFCE1059DB}.Ad-Hoc|Any CPU.Build.0 = Release|Any CPU
		{206DDE13-D128-4874-951A-D8CFCE1059DB}.Ad-Hoc|Any CPU.Deploy.0 = Release|Any CPU
		{206DDE13-D128-4874-951A-D8CFCE1059DB}.Ad-Hoc|iPhone.ActiveCfg = Release|Any CPU
		{206DDE13-D128-4874-951A-D8CFCE1059DB}.Ad-Hoc|iPhone.Build.0 = Release|Any CPU
		{206DDE13-D128-4874-951A-D8CFCE1059DB}.Ad-Hoc|iPhone.Deploy.0 = Release|Any CPU
		{206DDE13-D128-4874-951A-D8CFCE1059DB}.Ad-Hoc|iPhoneSimulator.ActiveCfg = Release|Any CPU
		{206DDE13-D128-4874-951A-D8CFCE1059DB}.Ad-Hoc|iPhoneSimulator.Build.0 = Release|Any CPU
		{206DDE13-D128-4874-951A-D8CFCE1059DB}.Ad-Hoc|iPhoneSimulator.Deploy.0 = Release|Any CPU
		{206DDE13-D128-4874-951A-D8CFCE1059DB}.AppStore|Any CPU.ActiveCfg = Release|Any CPU
		{206DDE13-D128-4874-951A-D8CFCE1059DB}.AppStore|Any CPU.Build.0 = Release|Any CPU
		{206DDE13-D128-4874-951A-D8CFCE1059DB}.AppStore|Any CPU.Deploy.0 = Release|Any CPU
		{206DDE13-D128-4874-951A-D8CFCE1059DB}.AppStore|iPhone.ActiveCfg = Release|Any CPU
		{206DDE13-D128-4874-951A-D8CFCE1059DB}.AppStore|iPhone.Build.0 = Release|Any CPU
		{206DDE13-D128-4874-951A-D8CFCE1059DB}.AppStore|iPhone.Deploy.0 = Release|Any CPU
		{206DDE13-D128-4874-951A-D8CFCE1059DB}.AppStore|iPhoneSimulator.ActiveCfg = Release|Any CPU
		{206DDE13-D128-4874-951A-D8CFCE1059DB}.AppStore|iPhoneSimulator.Build.0 = Release|Any CPU
		{206DDE13-D128-4874-951A-D8CFCE1059DB}.AppStore|iPhoneSimulator.Deploy.0 = Release|Any CPU
		{206DDE13-D128-4874-951A-D8CFCE1059DB}.Debug|Any CPU.ActiveCfg = Debug|Any CPU
		{206DDE13-D128-4874-951A-D8CFCE1059DB}.Debug|Any CPU.Build.0 = Debug|Any CPU
		{206DDE13-D128-4874-951A-D8CFCE1059DB}.Debug|Any CPU.Deploy.0 = Debug|Any CPU
		{206DDE13-D128-4874-951A-D8CFCE1059DB}.Debug|iPhone.ActiveCfg = Debug|Any CPU
		{206DDE13-D128-4874-951A-D8CFCE1059DB}.Debug|iPhone.Build.0 = Debug|Any CPU
		{206DDE13-D128-4874-951A-D8CFCE1059DB}.Debug|iPhone.Deploy.0 = Debug|Any CPU
		{206DDE13-D128-4874-951A-D8CFCE1059DB}.Debug|iPhoneSimulator.ActiveCfg = Debug|Any CPU
		{206DDE13-D128-4874-951A-D8CFCE1059DB}.Debug|iPhoneSimulator.Build.0 = Debug|Any CPU
		{206DDE13-D128-4874-951A-D8CFCE1059DB}.Debug|iPhoneSimulator.Deploy.0 = Debug|Any CPU
		{206DDE13-D128-4874-951A-D8CFCE1059DB}.Release|Any CPU.ActiveCfg = Release|Any CPU
		{206DDE13-D128-4874-951A-D8CFCE1059DB}.Release|Any CPU.Build.0 = Release|Any CPU
		{206DDE13-D128-4874-951A-D8CFCE1059DB}.Release|Any CPU.Deploy.0 = Release|Any CPU
		{206DDE13-D128-4874-951A-D8CFCE1059DB}.Release|iPhone.ActiveCfg = Release|Any CPU
		{206DDE13-D128-4874-951A-D8CFCE1059DB}.Release|iPhone.Build.0 = Release|Any CPU
		{206DDE13-D128-4874-951A-D8CFCE1059DB}.Release|iPhone.Deploy.0 = Release|Any CPU
		{206DDE13-D128-4874-951A-D8CFCE1059DB}.Release|iPhoneSimulator.ActiveCfg = Release|Any CPU
		{206DDE13-D128-4874-951A-D8CFCE1059DB}.Release|iPhoneSimulator.Build.0 = Release|Any CPU
		{206DDE13-D128-4874-951A-D8CFCE1059DB}.Release|iPhoneSimulator.Deploy.0 = Release|Any CPU
		{AEFF1BFE-7F5D-4FF3-A91C-D33ABF689022}.Ad-Hoc|Any CPU.ActiveCfg = Release|Any CPU
		{AEFF1BFE-7F5D-4FF3-A91C-D33ABF689022}.Ad-Hoc|Any CPU.Build.0 = Release|Any CPU
		{AEFF1BFE-7F5D-4FF3-A91C-D33ABF689022}.Ad-Hoc|iPhone.ActiveCfg = Release|Any CPU
		{AEFF1BFE-7F5D-4FF3-A91C-D33ABF689022}.Ad-Hoc|iPhone.Build.0 = Release|Any CPU
		{AEFF1BFE-7F5D-4FF3-A91C-D33ABF689022}.Ad-Hoc|iPhoneSimulator.ActiveCfg = Release|Any CPU
		{AEFF1BFE-7F5D-4FF3-A91C-D33ABF689022}.Ad-Hoc|iPhoneSimulator.Build.0 = Release|Any CPU
		{AEFF1BFE-7F5D-4FF3-A91C-D33ABF689022}.AppStore|Any CPU.ActiveCfg = Release|Any CPU
		{AEFF1BFE-7F5D-4FF3-A91C-D33ABF689022}.AppStore|Any CPU.Build.0 = Release|Any CPU
		{AEFF1BFE-7F5D-4FF3-A91C-D33ABF689022}.AppStore|iPhone.ActiveCfg = Release|Any CPU
		{AEFF1BFE-7F5D-4FF3-A91C-D33ABF689022}.AppStore|iPhone.Build.0 = Release|Any CPU
		{AEFF1BFE-7F5D-4FF3-A91C-D33ABF689022}.AppStore|iPhoneSimulator.ActiveCfg = Release|Any CPU
		{AEFF1BFE-7F5D-4FF3-A91C-D33ABF689022}.AppStore|iPhoneSimulator.Build.0 = Release|Any CPU
		{AEFF1BFE-7F5D-4FF3-A91C-D33ABF689022}.Debug|Any CPU.ActiveCfg = Debug|Any CPU
		{AEFF1BFE-7F5D-4FF3-A91C-D33ABF689022}.Debug|Any CPU.Build.0 = Debug|Any CPU
		{AEFF1BFE-7F5D-4FF3-A91C-D33ABF689022}.Debug|iPhone.ActiveCfg = Debug|Any CPU
		{AEFF1BFE-7F5D-4FF3-A91C-D33ABF689022}.Debug|iPhone.Build.0 = Debug|Any CPU
		{AEFF1BFE-7F5D-4FF3-A91C-D33ABF689022}.Debug|iPhoneSimulator.ActiveCfg = Debug|Any CPU
		{AEFF1BFE-7F5D-4FF3-A91C-D33ABF689022}.Debug|iPhoneSimulator.Build.0 = Debug|Any CPU
		{AEFF1BFE-7F5D-4FF3-A91C-D33ABF689022}.Release|Any CPU.ActiveCfg = Release|Any CPU
		{AEFF1BFE-7F5D-4FF3-A91C-D33ABF689022}.Release|Any CPU.Build.0 = Release|Any CPU
		{AEFF1BFE-7F5D-4FF3-A91C-D33ABF689022}.Release|iPhone.ActiveCfg = Release|Any CPU
		{AEFF1BFE-7F5D-4FF3-A91C-D33ABF689022}.Release|iPhone.Build.0 = Release|Any CPU
		{AEFF1BFE-7F5D-4FF3-A91C-D33ABF689022}.Release|iPhoneSimulator.ActiveCfg = Release|Any CPU
		{AEFF1BFE-7F5D-4FF3-A91C-D33ABF689022}.Release|iPhoneSimulator.Build.0 = Release|Any CPU
		{B004CA2D-B529-4915-8B9C-8519F5723CAF}.Ad-Hoc|Any CPU.ActiveCfg = Ad-Hoc|iPhoneSimulator
		{B004CA2D-B529-4915-8B9C-8519F5723CAF}.Ad-Hoc|iPhone.ActiveCfg = Ad-Hoc|iPhone
		{B004CA2D-B529-4915-8B9C-8519F5723CAF}.Ad-Hoc|iPhone.Build.0 = Ad-Hoc|iPhone
		{B004CA2D-B529-4915-8B9C-8519F5723CAF}.Ad-Hoc|iPhoneSimulator.ActiveCfg = Ad-Hoc|iPhoneSimulator
		{B004CA2D-B529-4915-8B9C-8519F5723CAF}.Ad-Hoc|iPhoneSimulator.Build.0 = Ad-Hoc|iPhoneSimulator
		{B004CA2D-B529-4915-8B9C-8519F5723CAF}.AppStore|Any CPU.ActiveCfg = AppStore|iPhoneSimulator
		{B004CA2D-B529-4915-8B9C-8519F5723CAF}.AppStore|iPhone.ActiveCfg = AppStore|iPhone
		{B004CA2D-B529-4915-8B9C-8519F5723CAF}.AppStore|iPhone.Build.0 = AppStore|iPhone
		{B004CA2D-B529-4915-8B9C-8519F5723CAF}.AppStore|iPhoneSimulator.ActiveCfg = AppStore|iPhoneSimulator
		{B004CA2D-B529-4915-8B9C-8519F5723CAF}.AppStore|iPhoneSimulator.Build.0 = AppStore|iPhoneSimulator
		{B004CA2D-B529-4915-8B9C-8519F5723CAF}.Debug|Any CPU.ActiveCfg = Debug|iPhoneSimulator
		{B004CA2D-B529-4915-8B9C-8519F5723CAF}.Debug|iPhone.ActiveCfg = Debug|iPhone
		{B004CA2D-B529-4915-8B9C-8519F5723CAF}.Debug|iPhone.Build.0 = Debug|iPhone
		{B004CA2D-B529-4915-8B9C-8519F5723CAF}.Debug|iPhoneSimulator.ActiveCfg = Debug|iPhoneSimulator
		{B004CA2D-B529-4915-8B9C-8519F5723CAF}.Debug|iPhoneSimulator.Build.0 = Debug|iPhoneSimulator
		{B004CA2D-B529-4915-8B9C-8519F5723CAF}.Release|Any CPU.ActiveCfg = Release|iPhoneSimulator
		{B004CA2D-B529-4915-8B9C-8519F5723CAF}.Release|iPhone.ActiveCfg = Release|iPhone
		{B004CA2D-B529-4915-8B9C-8519F5723CAF}.Release|iPhone.Build.0 = Release|iPhone
		{B004CA2D-B529-4915-8B9C-8519F5723CAF}.Release|iPhoneSimulator.ActiveCfg = Release|iPhoneSimulator
		{B004CA2D-B529-4915-8B9C-8519F5723CAF}.Release|iPhoneSimulator.Build.0 = Release|iPhoneSimulator
	EndGlobalSection
	GlobalSection(SolutionProperties) = preSolution
		HideSolutionNode = FALSE
	EndGlobalSection
	GlobalSection(ExtensibilityGlobals) = postSolution
		SolutionGuid = {B4CF90E8-1766-44AD-87D3-272E88D713EF}
	EndGlobalSection
EndGlobal
